{
  "name": "@audio/reverb",
  "version": "1.0.0",
  "lockfileVersion": 3,
  "requires": true,
  "packages": {
    "": {
      "name": "@audio/reverb",
      "version": "1.0.0",
      "license": "MIT",
      "workspaces": [
        "packages/*"
      ],
      "dependencies": {
        "@audio/reverb-schroeder": "^1.0.0"
      },
      "engines": {
        "node": ">=18"
      }
    },
    "node_modules/@audio/reverb-convolution": {
      "resolved": "packages/reverb-convolution",
      "link": true
    },
    "node_modules/@audio/reverb-dattorro": {
      "resolved": "packages/reverb-dattorro",
      "link": true
    },
    "node_modules/@audio/reverb-fdn": {
      "resolved": "packages/reverb-fdn",
      "link": true
    },
    "node_modules/@audio/reverb-freeverb": {
      "resolved": "packages/reverb-freeverb",
      "link": true
    },
    "node_modules/@audio/reverb-schroeder": {
      "resolved": "packages/reverb-schroeder",
      "link": true
    },
    "node_modules/@audio/reverb-shimmer": {
      "resolved": "packages/reverb-shimmer",
      "link": true
    },
    "node_modules/@audio/reverb-spring": {
      "resolved": "packages/reverb-spring",
      "link": true
    },
    "packages/reverb-convolution": {
      "name": "@audio/reverb-convolution",
      "version": "0.0.0",
      "license": "MIT",
      "engines": {
        "node": ">=18"
      }
    },
    "packages/reverb-dattorro": {
      "name": "@audio/reverb-dattorro",
      "version": "0.0.0",
      "license": "MIT",
      "engines": {
        "node": ">=18"
      }
    },
    "packages/reverb-fdn": {
      "name": "@audio/reverb-fdn",
      "version": "0.0.0",
      "license": "MIT",
      "engines": {
        "node": ">=18"
      }
    },
    "packages/reverb-freeverb": {
      "name": "@audio/reverb-freeverb",
      "version": "0.0.0",
      "license": "MIT",
      "engines": {
        "node": ">=18"
      }
    },
    "packages/reverb-schroeder": {
      "name": "@audio/reverb-schroeder",
      "version": "1.0.0",
      "license": "MIT",
      "engines": {
        "node": ">=18"
      }
    },
    "packages/reverb-shimmer": {
      "name": "@audio/reverb-shimmer",
      "version": "0.0.0",
      "license": "MIT",
      "engines": {
        "node": ">=18"
      }
    },
    "packages/reverb-spring": {
      "name": "@audio/reverb-spring",
      "version": "0.0.0",
      "license": "MIT",
      "engines": {
        "node": ">=18"
      }
    }
  }
}
