{
  "name": "@audio/reverb",
  "version": "1.0.1",
  "lockfileVersion": 3,
  "requires": true,
  "packages": {
    "": {
      "name": "@audio/reverb",
      "version": "1.0.1",
      "license": "MIT",
      "workspaces": [
        "packages/*"
      ],
      "dependencies": {
        "@audio/reverb-convolution": "^1.0.0",
        "@audio/reverb-dattorro": "^1.0.0",
        "@audio/reverb-fdn": "^1.0.0",
        "@audio/reverb-freeverb": "^1.0.0",
        "@audio/reverb-schroeder": "^1.0.0",
        "@audio/reverb-shimmer": "^1.0.0",
        "@audio/reverb-spring": "^1.0.0"
      },
      "engines": {
        "node": ">=18"
      }
    },
    "node_modules/@audio/reverb-convolution": {
      "resolved": "packages/reverb-convolution",
      "link": true
    },
    "node_modules/@audio/reverb-dattorro": {
      "resolved": "packages/reverb-dattorro",
      "link": true
    },
    "node_modules/@audio/reverb-fdn": {
      "resolved": "packages/reverb-fdn",
      "link": true
    },
    "node_modules/@audio/reverb-freeverb": {
      "resolved": "packages/reverb-freeverb",
      "link": true
    },
    "node_modules/@audio/reverb-schroeder": {
      "resolved": "packages/reverb-schroeder",
      "link": true
    },
    "node_modules/@audio/reverb-shimmer": {
      "resolved": "packages/reverb-shimmer",
      "link": true
    },
    "node_modules/@audio/reverb-spring": {
      "resolved": "packages/reverb-spring",
      "link": true
    },
    "node_modules/fourier-transform": {
      "version": "2.4.0",
      "resolved": "https://registry.npmjs.org/fourier-transform/-/fourier-transform-2.4.0.tgz",
      "integrity": "sha512-B7pQ7faDJGPJcFy08OtSlbr5wkMr9eVDZOHg8q2wBDCVOpVrO5+lTcPGobx+XxdG3G9vAV57jehcChaAqrDlew==",
      "license": "MIT"
    },
    "packages/reverb-convolution": {
      "name": "@audio/reverb-convolution",
      "version": "1.0.0",
      "license": "MIT",
      "dependencies": {
        "fourier-transform": "^2.2.0"
      },
      "engines": {
        "node": ">=18"
      }
    },
    "packages/reverb-dattorro": {
      "name": "@audio/reverb-dattorro",
      "version": "1.1.2",
      "license": "MIT",
      "engines": {
        "node": ">=18"
      }
    },
    "packages/reverb-fdn": {
      "name": "@audio/reverb-fdn",
      "version": "1.1.2",
      "license": "MIT",
      "engines": {
        "node": ">=18"
      }
    },
    "packages/reverb-freeverb": {
      "name": "@audio/reverb-freeverb",
      "version": "1.0.3",
      "license": "MIT",
      "engines": {
        "node": ">=18"
      }
    },
    "packages/reverb-schroeder": {
      "name": "@audio/reverb-schroeder",
      "version": "1.1.2",
      "license": "MIT",
      "engines": {
        "node": ">=18"
      }
    },
    "packages/reverb-shimmer": {
      "name": "@audio/reverb-shimmer",
      "version": "1.1.2",
      "license": "MIT",
      "engines": {
        "node": ">=18"
      }
    },
    "packages/reverb-spring": {
      "name": "@audio/reverb-spring",
      "version": "1.1.2",
      "license": "MIT",
      "engines": {
        "node": ">=18"
      }
    }
  }
}
